<Solution>
  <Folder Name="/src/">
    <Project Path="src/UserSecretManager.App/UserSecretManager.App.csproj" />
    <Project Path="src/UserSecretManager.Core/UserSecretManager.Core.csproj" />
  </Folder>
  <Folder Name="/tests/">
    <Project Path="tests/UserSecretManager.Core.Tests/UserSecretManager.Core.Tests.csproj" />
  </Folder>
</Solution>
